
Microsoft Visual Studio Solution File, Format Version 12.00
# Visual Studio Version 16
VisualStudioVersion = 16.0.32802.440
MinimumVisualStudioVersion = 10.0.40219.1
Project("{FAE04EC0-301F-11D3-BF4B-00C04F79EFBC}") = "HEIC Converter", "HEIF Converter\HEIC Converter.csproj", "{109365D5-D583-491F-967C-B5AD2AB4366C}"
EndProject
Global
	GlobalSection(SolutionConfigurationPlatforms) = preSolution
		Debug|Any CPU = Debug|Any CPU
		Debug|x64 = Debug|x64
		Release|Any CPU = Release|Any CPU
		Release|x64 = Release|x64
	EndGlobalSection
	GlobalSection(ProjectConfigurationPlatforms) = postSolution
		{109365D5-D583-491F-967C-B5AD2AB4366C}.Debug|Any CPU.ActiveCfg = Debug|x64
		{109365D5-D583-491F-967C-B5AD2AB4366C}.Debug|x64.ActiveCfg = Release|x64
		{109365D5-D583-491F-967C-B5AD2AB4366C}.Debug|x64.Build.0 = Release|x64
		{109365D5-D583-491F-967C-B5AD2AB4366C}.Release|Any CPU.ActiveCfg = Release|x64
		{109365D5-D583-491F-967C-B5AD2AB4366C}.Release|x64.ActiveCfg = Release|x64
		{109365D5-D583-491F-967C-B5AD2AB4366C}.Release|x64.Build.0 = Release|x64
	EndGlobalSection
	GlobalSection(SolutionProperties) = preSolution
		HideSolutionNode = FALSE
	EndGlobalSection
	GlobalSection(ExtensibilityGlobals) = postSolution
		SolutionGuid = {2B7DFA97-4653-49FA-8FF0-BA983B4991E2}
	EndGlobalSection
EndGlobal
